{
  "version": 4,
  "terraform_version": "1.12.2",
  "serial": 244,
  "lineage": "9924455a-e307-b90c-9df9-257eafccb3e2",
  "outputs": {},
  "resources": [
    {
      "mode": "managed",
      "type": "aws_iam_policy",
      "name": "architect-developnt-to-secretsmanager-9889",
      "provider": "provider[\"registry.terraform.io/hashicorp/aws\"]",
      "instances": [
        {
          "schema_version": 0,
          "attributes": {
            "arn": "arn:aws:iam::216989119889:policy/op-dev-architect-to-secretsmanager-9889",
            "attachment_count": 1,
            "description": "Policy access to Secrets Manager",
            "id": "arn:aws:iam::216989119889:policy/op-dev-architect-to-secretsmanager-9889",
            "name": "op-dev-architect-to-secretsmanager-9889",
            "name_prefix": "",
            "path": "/",
            "policy": "{\"Statement\":[{\"Action\":[\"secretsmanager:GetSecretValue\",\"secretsmanager:DescribeSecret\",\"secretsmanager:ListSecrets\"],\"Effect\":\"Allow\",\"Resource\":\"*\"}],\"Version\":\"2012-10-17\"}",
            "policy_id": "ANPATFBMPGWI2GPDNJXMD",
            "tags": {},
            "tags_all": {
              "Nombre": "Terraform"
            }
          },
          "sensitive_attributes": [],
          "identity_schema_version": 0,
          "private": "bnVsbA=="
        }
      ]
    },
    {
      "mode": "managed",
      "type": "aws_iam_policy",
      "name": "architect-to-apigateway-9889",
      "provider": "provider[\"registry.terraform.io/hashicorp/aws\"]",
      "instances": [
        {
          "schema_version": 0,
          "attributes": {
            "arn": "arn:aws:iam::216989119889:policy/op-dev-architect-to-apigateway-9889",
            "attachment_count": 1,
            "description": "Policy access to API Gateway",
            "id": "arn:aws:iam::216989119889:policy/op-dev-architect-to-apigateway-9889",
            "name": "op-dev-architect-to-apigateway-9889",
            "name_prefix": "",
            "path": "/",
            "policy": "{\"Statement\":[{\"Action\":[\"apigateway:GET\",\"apigateway:PATCH\",\"apigateway:POST\",\"apigateway:PUT\"],\"Effect\":\"Allow\",\"Resource\":\"*\"}],\"Version\":\"2012-10-17\"}",
            "policy_id": "ANPATFBMPGWIX5BMER4SR",
            "tags": {},
            "tags_all": {
              "Nombre": "Terraform"
            }
          },
          "sensitive_attributes": [],
          "identity_schema_version": 0,
          "private": "bnVsbA=="
        }
      ]
    },
    {
      "mode": "managed",
      "type": "aws_iam_policy",
      "name": "architect-to-autoscaling-9889",
      "provider": "provider[\"registry.terraform.io/hashicorp/aws\"]",
      "instances": [
        {
          "schema_version": 0,
          "attributes": {
            "arn": "arn:aws:iam::216989119889:policy/op-dev-architect-to-autoscaling-9889",
            "attachment_count": 1,
            "description": "Policy access to Autoscaling",
            "id": "arn:aws:iam::216989119889:policy/op-dev-architect-to-autoscaling-9889",
            "name": "op-dev-architect-to-autoscaling-9889",
            "name_prefix": "",
            "path": "/",
            "policy": "{\"Statement\":[{\"Action\":[\"application-autoscaling:DescribeScalableTargets\",\"application-autoscaling:DescribeScalingActivities\"],\"Effect\":\"Allow\",\"Resource\":\"*\"}],\"Version\":\"2012-10-17\"}",
            "policy_id": "ANPATFBMPGWI4NDQOSOHN",
            "tags": {},
            "tags_all": {
              "Nombre": "Terraform"
            }
          },
          "sensitive_attributes": [],
          "identity_schema_version": 0,
          "private": "bnVsbA=="
        }
      ]
    },
    {
      "mode": "managed",
      "type": "aws_iam_policy",
      "name": "architect-to-cognito-9889",
      "provider": "provider[\"registry.terraform.io/hashicorp/aws\"]",
      "instances": [
        {
          "schema_version": 0,
          "attributes": {
            "arn": "arn:aws:iam::216989119889:policy/op-dev-architect-to-cognito-9889",
            "attachment_count": 1,
            "description": "Policy access to Cognito",
            "id": "arn:aws:iam::216989119889:policy/op-dev-architect-to-cognito-9889",
            "name": "op-dev-architect-to-cognito-9889",
            "name_prefix": "",
            "path": "/",
            "policy": "{\"Statement\":[{\"Action\":[\"cognito-identity:Describe*\",\"cognito-identity:Get*\",\"cognito-identity:List*\",\"cognito-idp:Describe*\",\"cognito-idp:AdminGet*\",\"cognito-idp:AdminList*\",\"cognito-idp:List*\",\"cognito-idp:Get*\",\"cognito-sync:Describe*\",\"cognito-sync:Get*\",\"cognito-sync:List*\",\"iam:ListOpenIdConnectProviders\",\"iam:ListRoles\",\"sns:ListPlatformApplications\",\"cognito-identity:ListIdentities\",\"cognito-identity:ListIdentityPools\",\"cognito-identity:DescribeIdentity\",\"cognito-identity:DescribeIdentityPool\",\"cognito-identity:CreateIdentityPool\",\"cognito-identity:GetId\",\"cognito-identity:GetIdentityPoolAnalytics\",\"cognito-identity:GetCredentialsForIdentity\",\"cognito-identity:GetIdentityPoolRoles\",\"cognito-identity:SetIdentityPoolRoles\"],\"Effect\":\"Allow\",\"Resource\":\"*\"}],\"Version\":\"2012-10-17\"}",
            "policy_id": "ANPATFBMPGWIZKHX6HRJT",
            "tags": {},
            "tags_all": {
              "Nombre": "Terraform"
            }
          },
          "sensitive_attributes": [],
          "identity_schema_version": 0,
          "private": "bnVsbA=="
        }
      ]
    },
    {
      "mode": "managed",
      "type": "aws_iam_policy",
      "name": "architect-to-dms-9889",
      "provider": "provider[\"registry.terraform.io/hashicorp/aws\"]",
      "instances": [
        {
          "schema_version": 0,
          "attributes": {
            "arn": "arn:aws:iam::216989119889:policy/op-dev-architect-to-dms-9889",
            "attachment_count": 1,
            "description": "Policy access to DMS",
            "id": "arn:aws:iam::216989119889:policy/op-dev-architect-to-dms-9889",
            "name": "op-dev-architect-to-dms-9889",
            "name_prefix": "",
            "path": "/",
            "policy": "{\"Statement\":[{\"Action\":[\"dms:ListMigrationProjects\",\"dms:ListInstanceProfiles\",\"dms:ListDataProviders\",\"dms:DescribeEngineVersions\",\"dms:DescribeReplicationInstances\",\"dms:DescribeReplications\",\"iam:GetRole\",\"dms:DescribeFleetAdvisorDatabases\",\"dms:DescribeReplicationTasks\",\"kinesis:DescribeStreamSummary\",\"dms:*\"],\"Effect\":\"Allow\",\"Resource\":\"*\"}],\"Version\":\"2012-10-17\"}",
            "policy_id": "ANPATFBMPGWI4KRKKPJHS",
            "tags": {},
            "tags_all": {
              "Nombre": "Terraform"
            }
          },
          "sensitive_attributes": [],
          "identity_schema_version": 0,
          "private": "bnVsbA=="
        }
      ]
    },
    {
      "mode": "managed",
      "type": "aws_iam_policy",
      "name": "architect-to-dynamo-9889",
      "provider": "provider[\"registry.terraform.io/hashicorp/aws\"]",
      "instances": [
        {
          "schema_version": 0,
          "attributes": {
            "arn": "arn:aws:iam::216989119889:policy/op-dev-architect-to-dynamo-9889",
            "attachment_count": 1,
            "description": "Policy access to dynamo",
            "id": "arn:aws:iam::216989119889:policy/op-dev-architect-to-dynamo-9889",
            "name": "op-dev-architect-to-dynamo-9889",
            "name_prefix": "",
            "path": "/",
            "policy": "{\"Statement\":[{\"Action\":[\"dynamodb:DescribeImport\",\"dynamodb:ListTables\",\"dynamodb:ListBackups\",\"dynamodb:ListImports\",\"dynamodb:GetRecords\",\"dynamodb:ListGlobalTables\",\"dynamodb:DescribeExport\",\"dynamodb:DescribeEndpoints\",\"dynamodb:DescribeGlobalTable\",\"dynamodb:DescribeTable\",\"dynamodb:GetItem\",\"dynamodb:ListStreams\",\"dynamodb:Query\",\"dynamodb:Scan\",\"dynamodb:DescribeBackup\",\"dynamodb:BatchGetItem\",\"dynamodb:PartiQLSelect\"],\"Effect\":\"Allow\",\"Resource\":\"*\"}],\"Version\":\"2012-10-17\"}",
            "policy_id": "ANPATFBMPGWI7TZ2RNJUQ",
            "tags": {},
            "tags_all": {
              "Nombre": "Terraform"
            }
          },
          "sensitive_attributes": [],
          "identity_schema_version": 0,
          "private": "bnVsbA=="
        }
      ]
    },
    {
      "mode": "managed",
      "type": "aws_iam_policy",
      "name": "architect-to-ec2-9889",
      "provider": "provider[\"registry.terraform.io/hashicorp/aws\"]",
      "instances": [
        {
          "schema_version": 0,
          "attributes": {
            "arn": "arn:aws:iam::216989119889:policy/op-dev-architect-to-ec2-9889",
            "attachment_count": 1,
            "description": "Policy access to ec2",
            "id": "arn:aws:iam::216989119889:policy/op-dev-architect-to-ec2-9889",
            "name": "op-dev-architect-to-ec2-9889",
            "name_prefix": "",
            "path": "/",
            "policy": "{\"Statement\":[{\"Action\":[\"ec2:DescribeSubnets\"],\"Effect\":\"Allow\",\"Resource\":\"*\"}],\"Version\":\"2012-10-17\"}",
            "policy_id": "ANPATFBMPGWI6IYU6VRNM",
            "tags": {},
            "tags_all": {
              "Nombre": "Terraform"
            }
          },
          "sensitive_attributes": [],
          "identity_schema_version": 0,
          "private": "bnVsbA=="
        }
      ]
    },
    {
      "mode": "managed",
      "type": "aws_iam_policy",
      "name": "architect-to-ecr-y-ecs-9889",
      "provider": "provider[\"registry.terraform.io/hashicorp/aws\"]",
      "instances": [
        {
          "schema_version": 0,
          "attributes": {
            "arn": "arn:aws:iam::216989119889:policy/op-dev-architect-to-ecr-y-ecs-9889",
            "attachment_count": 1,
            "description": "Policy access to ECR y ECS",
            "id": "arn:aws:iam::216989119889:policy/op-dev-architect-to-ecr-y-ecs-9889",
            "name": "op-dev-architect-to-ecr-y-ecs-9889",
            "name_prefix": "",
            "path": "/",
            "policy": "{\"Statement\":[{\"Action\":[\"ecr:DescribeImageScanFindings\",\"ecr:DescribeRegistry\",\"ecr:BatchGetImage\",\"ecr:DescribeImages\",\"ecr:DescribeRepositories\",\"ecr:ListImages\",\"ecr:DescribePullThroughCacheRules\",\"ecr:BatchCheckLayerAvailability\",\"ecr:BatchGetRepositoryScanningConfiguration\",\"ecr:DescribeImageReplicationStatus\",\"ecr:DescribeRepositoryCreationTemplate\",\"ecr:ValidatePullThroughCacheRule\",\"ecr:ListTagsForResource\",\"ecr:GetAuthorizationToken\",\"ecr:GetDownloadUrlForLayer\",\"ecr:GetLifecyclePolicy\",\"ecr:GetLifecyclePolicyPreview\",\"ecr:GetRegistryPolicy\",\"ecr:GetRegistryScanningConfiguration\",\"ecr:GetRepositoryPolicy\"],\"Effect\":\"Allow\",\"Resource\":\"*\"},{\"Action\":[\"ecs:ListServices\",\"ecs:ListTasks\",\"ecs:DescribeServices\",\"ecs:DescribeTasks\",\"ecs:DescribeTaskDefinition\",\"ecs:ListTaskDefinitions\",\"ecs:DescribeClusters\",\"ecs:ListClusters\",\"ecs:ListAttributes\",\"ecs:ListContainerInstances\",\"ecs:ListServiceDeployments\",\"ecs:ListServicesByNamespace\",\"ecs:ListTaskDefinitionFamilies\",\"ecs:DescribeCapacityProviders\",\"ecs:DescribeContainerInstances\",\"ecs:DescribeServiceDeployments\",\"ecs:DescribeServiceRevisions\",\"ecs:DescribeTaskSets\",\"ecs:GetTaskProtection\",\"ecs:ListAccountSettings\"],\"Effect\":\"Allow\",\"Resource\":[\"*\"]}],\"Version\":\"2012-10-17\"}",
            "policy_id": "ANPATFBMPGWIW3F7ORL5A",
            "tags": {},
            "tags_all": {
              "Nombre": "Terraform"
            }
          },
          "sensitive_attributes": [],
          "identity_schema_version": 0,
          "private": "bnVsbA=="
        }
      ]
    },
    {
      "mode": "managed",
      "type": "aws_iam_policy",
      "name": "architect-to-elasticache-9889",
      "provider": "provider[\"registry.terraform.io/hashicorp/aws\"]",
      "instances": [
        {
          "schema_version": 0,
          "attributes": {
            "arn": "arn:aws:iam::216989119889:policy/op-dev-architect-to-elasticache-9889",
            "attachment_count": 1,
            "description": "Policy access to Elasticache",
            "id": "arn:aws:iam::216989119889:policy/op-dev-architect-to-elasticache-9889",
            "name": "op-dev-architect-to-elasticache-9889",
            "name_prefix": "",
            "path": "/",
            "policy": "{\"Statement\":[{\"Action\":[\"elasticache:DescribeServerlessCaches\",\"elasticache:DescribeCacheClusters\"],\"Effect\":\"Allow\",\"Resource\":\"*\"}],\"Version\":\"2012-10-17\"}",
            "policy_id": "ANPATFBMPGWISUV7JWBPS",
            "tags": {},
            "tags_all": {
              "Nombre": "Terraform"
            }
          },
          "sensitive_attributes": [],
          "identity_schema_version": 0,
          "private": "bnVsbA=="
        }
      ]
    },
    {
      "mode": "managed",
      "type": "aws_iam_policy",
      "name": "architect-to-glue-9889",
      "provider": "provider[\"registry.terraform.io/hashicorp/aws\"]",
      "instances": [
        {
          "schema_version": 0,
          "attributes": {
            "arn": "arn:aws:iam::216989119889:policy/op-dev-architect-to-glue-9889",
            "attachment_count": 1,
            "description": "Policy access to GLUE",
            "id": "arn:aws:iam::216989119889:policy/op-dev-architect-to-glue-9889",
            "name": "op-dev-architect-to-glue-9889",
            "name_prefix": "",
            "path": "/",
            "policy": "{\"Statement\":[{\"Action\":[\"cloudformation:CreateStack\",\"cloudformation:DeleteStack\"],\"Effect\":\"Allow\",\"Resource\":[\"arn:aws:logs:*:*:/aws-glue/*\",\"arn:aws:ec2:*:*:image/*\",\"arn:aws:ec2:*:*:subnet/*\",\"arn:aws:ec2:*:*:key-pair/*\",\"arn:aws:ec2:*:*:instance/*\",\"arn:aws:ec2:*:*:volume/*\",\"arn:aws:ec2:*:*:security-group/*\",\"arn:aws:ec2:*:*:network-interface/*\",\"arn:aws:s3:::*/*aws-glue-*/*\",\"arn:aws:s3:::aws-glue-*/*\",\"arn:aws:cloudformation:*:*:stack/aws-glue*/*\"]},{\"Action\":[\"ec2:DeleteTags\",\"ec2:CreateTags\"],\"Condition\":{\"StringEquals\":{\"ec2:ResourceTag/aws:cloudformation:logical-id\":\"ZeppelinInstance\"},\"StringLike\":{\"ec2:ResourceTag/aws:cloudformation:stack-id\":\"arn:aws:cloudformation:*:*:stack/aws-glue-*/*\"}},\"Effect\":\"Allow\",\"Resource\":\"arn:aws:ec2:*:*:instance/*\"},{\"Action\":[\"iam:PassRole\"],\"Condition\":{\"StringLike\":{\"iam:PassedToService\":\"glue.amazonaws.com\"}},\"Effect\":\"Allow\",\"Resource\":[\"arn:aws:iam::*:role/AWSGlueServiceRole*\",\"arn:aws:iam::106834583275:role/op-latam-dev-glue-dbreporteria\",\"arn:aws:iam::106834583275:role/op-latam-qa-glue-dbreporteria\"]},{\"Action\":[\"iam:PassRole\"],\"Condition\":{\"StringLike\":{\"iam:PassedToService\":\"ec2.amazonaws.com\"}},\"Effect\":\"Allow\",\"Resource\":[\"arn:aws:iam::*:role/AWSGlueServiceNotebookRole*\",\"arn:aws:iam::106834583275:role/op-latam-dev-glue-dbreporteria\",\"arn:aws:iam::106834583275:role/op-latam-qa-glue-dbreporteria\"]},{\"Action\":[\"iam:PassRole\"],\"Condition\":{\"StringLike\":{\"iam:PassedToService\":\"glue.amazonaws.com\"}},\"Effect\":\"Allow\",\"Resource\":[\"arn:aws:iam::*:role/service-role/AWSGlueServiceRole*\"]},{\"Action\":[\"ec2:DescribeInstances\",\"tag:GetResources\",\"databrew:ListRecipes\",\"dynamodb:ListTables\",\"cloudwatch:GetMetricData\",\"rds:DescribeDBSubnetGroups\",\"s3:ListBucket\",\"ec2:DescribeVpcAttribute\",\"glue:*\",\"redshift:DescribeClusterSubnetGroups\",\"iam:ListAttachedRolePolicies\",\"cloudwatch:ListDashboards\",\"rds:DescribeDBInstances\",\"kms:DescribeKey\",\"ec2:DescribeKeyPairs\",\"iam:ListRolePolicies\",\"ec2:DescribeRouteTables\",\"databrew:DescribeRecipe\",\"iam:GetRole\",\"cloudformation:ListStacks\",\"iam:ListRoles\",\"s3:GetBucketAcl\",\"ec2:DescribeSecurityGroups\",\"cloudformation:GetTemplateSummary\",\"cloudformation:DescribeStacks\",\"ec2:DescribeImages\",\"s3:ListAllMyBuckets\",\"ec2:DescribeVpcs\",\"kms:ListAliases\",\"redshift:DescribeClusters\",\"iam:ListUsers\",\"ec2:DescribeVpcEndpoints\",\"iam:ListGroups\",\"ec2:DescribeSubnets\",\"databrew:ListRecipeVersions\",\"iam:GetRolePolicy\",\"s3:GetBucketLocation\",\"rds:DescribeDBClusters\"],\"Effect\":\"Allow\",\"Resource\":[\"*\"]},{\"Action\":[\"s3:PutObject\",\"s3:GetObject\",\"cloudformation:CreateStack\",\"cloudformation:DeleteStack\",\"logs:GetLogEvents\",\"ec2:RunInstances\"],\"Effect\":\"Allow\",\"Resource\":[\"arn:aws:ec2:*:*:image/*\",\"arn:aws:ec2:*:*:subnet/*\",\"arn:aws:ec2:*:*:key-pair/*\",\"arn:aws:ec2:*:*:instance/*\",\"arn:aws:ec2:*:*:volume/*\",\"arn:aws:ec2:*:*:security-group/*\",\"arn:aws:ec2:*:*:network-interface/*\",\"arn:aws:logs:*:*:/aws-glue/*\",\"arn:aws:cloudformation:*:*:stack/aws-glue*/*\",\"arn:aws:s3:::*/*aws-glue-*/*\",\"arn:aws:s3:::aws-glue-*/*\"]},{\"Action\":[\"cloudformation:CreateStack\",\"cloudformation:DeleteStack\"],\"Effect\":\"Allow\",\"Resource\":[\"arn:aws:logs:*:*:/aws-glue/*\",\"arn:aws:cloudformation:*:*:stack/aws-glue*/*\",\"arn:aws:ec2:*:*:image/*\",\"arn:aws:ec2:*:*:subnet/*\",\"arn:aws:ec2:*:*:key-pair/*\",\"arn:aws:ec2:*:*:instance/*\",\"arn:aws:ec2:*:*:volume/*\",\"arn:aws:ec2:*:*:security-group/*\",\"arn:aws:ec2:*:*:network-interface/*\",\"arn:aws:s3:::*/*aws-glue-*/*\",\"arn:aws:s3:::aws-glue-*/*\"]},{\"Action\":[\"cloudformation:CreateStack\",\"cloudformation:DeleteStack\"],\"Effect\":\"Allow\",\"Resource\":[\"arn:aws:cloudformation:*:*:stack/aws-glue*/*\"]}],\"Version\":\"2012-10-17\"}",
            "policy_id": "ANPATFBMPGWI6P6JFNQZE",
            "tags": {},
            "tags_all": {
              "Nombre": "Terraform"
            }
          },
          "sensitive_attributes": [],
          "identity_schema_version": 0,
          "private": "bnVsbA=="
        }
      ]
    },
    {
      "mode": "managed",
      "type": "aws_iam_policy",
      "name": "architect-to-inspector-9889",
      "provider": "provider[\"registry.terraform.io/hashicorp/aws\"]",
      "instances": [
        {
          "schema_version": 0,
          "attributes": {
            "arn": "arn:aws:iam::216989119889:policy/op-dev-architect-to-inspector-9889",
            "attachment_count": 1,
            "description": "Policy access to Inspector",
            "id": "arn:aws:iam::216989119889:policy/op-dev-architect-to-inspector-9889",
            "name": "op-dev-architect-to-inspector-9889",
            "name_prefix": "",
            "path": "/",
            "policy": "{\"Statement\":[{\"Action\":[\"inspector2:BatchGetAccountStatus\"],\"Effect\":\"Allow\",\"Resource\":\"*\"}],\"Version\":\"2012-10-17\"}",
            "policy_id": "ANPATFBMPGWIUEU462FS4",
            "tags": {},
            "tags_all": {
              "Nombre": "Terraform"
            }
          },
          "sensitive_attributes": [],
          "identity_schema_version": 0,
          "private": "bnVsbA=="
        }
      ]
    },
    {
      "mode": "managed",
      "type": "aws_iam_policy",
      "name": "architect-to-lambda-9889",
      "provider": "provider[\"registry.terraform.io/hashicorp/aws\"]",
      "instances": [
        {
          "schema_version": 0,
          "attributes": {
            "arn": "arn:aws:iam::216989119889:policy/op-dev-architect-to-lambda-9889",
            "attachment_count": 1,
            "description": "Policy access to Lambda",
            "id": "arn:aws:iam::216989119889:policy/op-dev-architect-to-lambda-9889",
            "name": "op-dev-architect-to-lambda-9889",
            "name_prefix": "",
            "path": "/",
            "policy": "{\"Statement\":[{\"Action\":[\"lambda:UpdateFunctionCode\",\"lambda:InvokeFunction\",\"lambda:DeleteEventSourceMapping\",\"lambda:List*\",\"lambda:Get*\"],\"Effect\":\"Allow\",\"Resource\":\"*\"}],\"Version\":\"2012-10-17\"}",
            "policy_id": "ANPATFBMPGWIXW4EFKS7V",
            "tags": {},
            "tags_all": {
              "Nombre": "Terraform"
            }
          },
          "sensitive_attributes": [],
          "identity_schema_version": 0,
          "private": "bnVsbA=="
        }
      ]
    },
    {
      "mode": "managed",
      "type": "aws_iam_policy",
      "name": "architect-to-opensearch-9889",
      "provider": "provider[\"registry.terraform.io/hashicorp/aws\"]",
      "instances": [
        {
          "schema_version": 0,
          "attributes": {
            "arn": "arn:aws:iam::216989119889:policy/op-dev-architect-to-opensearch-9889",
            "attachment_count": 1,
            "description": "Policy access to opensearch",
            "id": "arn:aws:iam::216989119889:policy/op-dev-architect-to-opensearch-9889",
            "name": "op-dev-architect-to-opensearch-9889",
            "name_prefix": "",
            "path": "/",
            "policy": "{\"Statement\":[{\"Action\":[\"es:ListPackagesForDomain\",\"es:ListScheduledActions\",\"es:ListTags\",\"es:GetDomainMaintenanceStatus\",\"es:GetUpgradeHistory\",\"es:DescribeDomainNodes\",\"es:ESHttpHead\",\"es:DescribeElasticsearchDomain\",\"es:DescribeDomainChangeProgress\",\"es:DescribeDomain\",\"es:DescribeElasticsearchDomains\",\"es:DescribeDomainHealth\",\"es:DescribeDryRunProgress\",\"es:DescribeDomainAutoTunes\",\"es:ESHttpGet\",\"es:GetCompatibleVersions\",\"es:DescribeElasticsearchDomainConfig\",\"es:ESCrossClusterGet\",\"es:ListDomainMaintenances\",\"es:ListDataSources\",\"es:DescribeDomains\",\"es:GetCompatibleElasticsearchVersions\",\"es:GetDataSource\",\"es:GetUpgradeStatus\",\"es:DescribeDomainConfig\",\"osis:ListPipelines\"],\"Effect\":\"Allow\",\"Resource\":[\"arn:aws:es:us-east-1:378653672129:domain/op-mx-dev-poc-search\",\"arn:aws:es:us-east-1:378653672129:domain/openpay-elastic-qa\",\"arn:aws:osis:us-east-1:378653672129:pipeline/*\"]},{\"Action\":[\"es:ESHttpGet\"],\"Effect\":\"Allow\",\"Resource\":[\"arn:aws:es:us-east-1:378653672129:domain/*\"]},{\"Action\":[\"es:ListVpcEndpointsForDomain\",\"es:ListVpcEndpointAccess\",\"es:DescribePackages\"],\"Effect\":\"Allow\",\"Resource\":[\"arn:aws:es:us-east-1:378653672129:domain/op-mx-dev-poc-search\",\"arn:aws:es:us-east-1:378653672129:domain/openpay-elastic-qa\"]},{\"Action\":[\"es:ListDomainNames\",\"es:DescribeInboundConnections\",\"es:DescribeOutboundConnections\"],\"Effect\":\"Allow\",\"Resource\":[\"arn:aws:es:us-east-1:378653672129:domain/*\"]}],\"Version\":\"2012-10-17\"}",
            "policy_id": "ANPATFBMPGWI5EC45ZUYK",
            "tags": {},
            "tags_all": {
              "Nombre": "Terraform"
            }
          },
          "sensitive_attributes": [],
          "identity_schema_version": 0,
          "private": "bnVsbA=="
        }
      ]
    },
    {
      "mode": "managed",
      "type": "aws_iam_policy",
      "name": "architect-to-s3-9889",
      "provider": "provider[\"registry.terraform.io/hashicorp/aws\"]",
      "instances": [
        {
          "schema_version": 0,
          "attributes": {
            "arn": "arn:aws:iam::216989119889:policy/op-dev-architect-to-s3-9889",
            "attachment_count": 1,
            "description": "Policy access to S3",
            "id": "arn:aws:iam::216989119889:policy/op-dev-architect-to-s3-9889",
            "name": "op-dev-architect-to-s3-9889",
            "name_prefix": "",
            "path": "/",
            "policy": "{\"Statement\":[{\"Action\":[\"s3:ListAllMyBuckets\"],\"Effect\":\"Allow\",\"Resource\":\"*\"},{\"Action\":[\"s3:PutObject\",\"s3:Describe*\",\"s3:Get*\",\"s3:List*\",\"s3:PutBucketNotification\"],\"Effect\":\"Allow\",\"Resource\":[\"arn:aws:s3:::mail-server-resources\",\"arn:aws:s3:::mail-server-resources/*\",\"arn:aws:s3:::op-bancomer-batches\",\"arn:aws:s3:::op-bancomer-batches/*\",\"arn:aws:s3:::op-prosa-pk-test\",\"arn:aws:s3:::op-prosa-pk-test/*\",\"arn:aws:s3:::op-services-file\",\"arn:aws:s3:::op-services-file/*\",\"arn:aws:s3:::openpay-argentina-dev\",\"arn:aws:s3:::openpay-argentina-dev/*\",\"arn:aws:s3:::openpay-argentina-sandbox\",\"arn:aws:s3:::openpay-argentina-sandbox/*\",\"arn:aws:s3:::openpay-arquitectura\",\"arn:aws:s3:::openpay-arquitectura/*\",\"arn:aws:s3:::reporteria-bucket-dev\",\"arn:aws:s3:::reporteria-bucket-dev/*\"]},{\"Action\":[\"s3:DeleteObject\"],\"Effect\":\"Allow\",\"Resource\":[\"arn:aws:s3:::op-services-file/DEVELOP/applications/jk.openpay.company/backstage_techdocs/default/*\"]}],\"Version\":\"2012-10-17\"}",
            "policy_id": "ANPATFBMPGWIXXEDOVBJD",
            "tags": {},
            "tags_all": {
              "Nombre": "Terraform"
            }
          },
          "sensitive_attributes": [],
          "identity_schema_version": 0,
          "private": "bnVsbA=="
        }
      ]
    },
    {
      "mode": "managed",
      "type": "aws_iam_policy",
      "name": "architect-to-sqs-9889",
      "provider": "provider[\"registry.terraform.io/hashicorp/aws\"]",
      "instances": [
        {
          "schema_version": 0,
          "attributes": {
            "arn": "arn:aws:iam::216989119889:policy/op-dev-architect-to-sqs-9889",
            "attachment_count": 1,
            "description": "Policy access to SQS",
            "id": "arn:aws:iam::216989119889:policy/op-dev-architect-to-sqs-9889",
            "name": "op-dev-architect-to-sqs-9889",
            "name_prefix": "",
            "path": "/",
            "policy": "{\"Statement\":[{\"Action\":[\"sqs:DeleteMessage\",\"sqs:ListQueues\",\"sqs:GetQueueUrl\",\"sqs:ListDeadLetterSourceQueues\",\"sqs:ListMessageMoveTasks\",\"sqs:PurgeQueue\",\"sqs:ReceiveMessage\",\"sqs:SendMessage\",\"sqs:GetQueueAttributes\"],\"Effect\":\"Allow\",\"Resource\":\"*\"}],\"Version\":\"2012-10-17\"}",
            "policy_id": "ANPATFBMPGWIUD6D7QXVS",
            "tags": {},
            "tags_all": {
              "Nombre": "Terraform"
            }
          },
          "sensitive_attributes": [],
          "identity_schema_version": 0,
          "private": "bnVsbA=="
        }
      ]
    },
    {
      "mode": "managed",
      "type": "aws_iam_policy",
      "name": "leader-to-apigateway-9889",
      "provider": "provider[\"registry.terraform.io/hashicorp/aws\"]",
      "instances": [
        {
          "schema_version": 0,
          "attributes": {
            "arn": "arn:aws:iam::216989119889:policy/op-dev-leader-to-apigateway-9889",
            "attachment_count": 1,
            "description": "Policy access to API Gateway",
            "id": "arn:aws:iam::216989119889:policy/op-dev-leader-to-apigateway-9889",
            "name": "op-dev-leader-to-apigateway-9889",
            "name_prefix": "",
            "path": "/",
            "policy": "{\"Statement\":[{\"Action\":[\"apigateway:GET\"],\"Effect\":\"Allow\",\"Resource\":\"*\"}],\"Version\":\"2012-10-17\"}",
            "policy_id": "ANPATFBMPGWIXHDQ7MZ7M",
            "tags": {},
            "tags_all": {
              "Nombre": "Terraform"
            }
          },
          "sensitive_attributes": [],
          "identity_schema_version": 0,
          "private": "bnVsbA=="
        }
      ]
    },
    {
      "mode": "managed",
      "type": "aws_iam_policy",
      "name": "leader-to-dynamo-9889",
      "provider": "provider[\"registry.terraform.io/hashicorp/aws\"]",
      "instances": [
        {
          "schema_version": 0,
          "attributes": {
            "arn": "arn:aws:iam::216989119889:policy/op-dev-leader-to-dynamo-9889",
            "attachment_count": 1,
            "description": "Policy access to Dynamo",
            "id": "arn:aws:iam::216989119889:policy/op-dev-leader-to-dynamo-9889",
            "name": "op-dev-leader-to-dynamo-9889",
            "name_prefix": "",
            "path": "/",
            "policy": "{\"Statement\":[{\"Action\":[\"dynamodb:DescribeImport\",\"dynamodb:ListTables\",\"dynamodb:ListBackups\",\"dynamodb:ListImports\",\"dynamodb:GetRecords\",\"dynamodb:ListGlobalTables\",\"dynamodb:DescribeExport\",\"dynamodb:DescribeEndpoints\",\"dynamodb:DescribeGlobalTable\",\"dynamodb:DescribeTable\",\"dynamodb:GetItem\",\"dynamodb:ListStreams\",\"dynamodb:Query\",\"dynamodb:Scan\",\"dynamodb:DescribeBackup\",\"dynamodb:BatchGetItem\"],\"Effect\":\"Allow\",\"Resource\":\"*\"}],\"Version\":\"2012-10-17\"}",
            "policy_id": "ANPATFBMPGWI4ZBWQ6G2Y",
            "tags": {},
            "tags_all": {
              "Nombre": "Terraform"
            }
          },
          "sensitive_attributes": [],
          "identity_schema_version": 0,
          "private": "bnVsbA=="
        }
      ]
    },
    {
      "mode": "managed",
      "type": "aws_iam_policy",
      "name": "leader-to-ecr-y-ecs-9889",
      "provider": "provider[\"registry.terraform.io/hashicorp/aws\"]",
      "instances": [
        {
          "schema_version": 0,
          "attributes": {
            "arn": "arn:aws:iam::216989119889:policy/op-dev-leader-to-ecr-y-ecs-9889",
            "attachment_count": 1,
            "description": "Policy access to ECR y ECS",
            "id": "arn:aws:iam::216989119889:policy/op-dev-leader-to-ecr-y-ecs-9889",
            "name": "op-dev-leader-to-ecr-y-ecs-9889",
            "name_prefix": "",
            "path": "/",
            "policy": "{\"Statement\":[{\"Action\":[\"ecr:DescribeImageScanFindings\",\"ecr:DescribeRegistry\",\"ecr:BatchGetImage\",\"ecr:DescribeImages\",\"ecr:DescribeRepositories\",\"ecr:ListImages\",\"ecr:DescribePullThroughCacheRules\",\"ecr:BatchCheckLayerAvailability\",\"ecr:BatchGetRepositoryScanningConfiguration\",\"ecr:DescribeImageReplicationStatus\",\"ecr:DescribeRepositoryCreationTemplate\",\"ecr:ValidatePullThroughCacheRule\",\"ecr:ListTagsForResource\",\"ecr:GetAuthorizationToken\",\"ecr:GetDownloadUrlForLayer\",\"ecr:GetLifecyclePolicy\",\"ecr:GetLifecyclePolicyPreview\",\"ecr:GetRegistryPolicy\",\"ecr:GetRegistryScanningConfiguration\",\"ecr:GetRepositoryPolicy\"],\"Effect\":\"Allow\",\"Resource\":\"*\"},{\"Action\":[\"ecs:ListServices\",\"ecs:ListTasks\",\"ecs:DescribeServices\",\"ecs:DescribeTasks\",\"ecs:DescribeTaskDefinition\",\"ecs:ListTaskDefinitions\",\"ecs:DescribeClusters\",\"ecs:ListClusters\",\"ecs:ListAttributes\",\"ecs:ListContainerInstances\",\"ecs:ListServiceDeployments\",\"ecs:ListServicesByNamespace\",\"ecs:ListTaskDefinitionFamilies\",\"ecs:DescribeCapacityProviders\",\"ecs:DescribeContainerInstances\",\"ecs:DescribeServiceDeployments\",\"ecs:DescribeServiceRevisions\",\"ecs:DescribeTaskSets\",\"ecs:GetTaskProtection\",\"ecs:ListAccountSettings\"],\"Effect\":\"Allow\",\"Resource\":[\"*\"]}],\"Version\":\"2012-10-17\"}",
            "policy_id": "ANPATFBMPGWIQWIHYC2LC",
            "tags": {},
            "tags_all": {
              "Nombre": "Terraform"
            }
          },
          "sensitive_attributes": [],
          "identity_schema_version": 0,
          "private": "bnVsbA=="
        }
      ]
    },
    {
      "mode": "managed",
      "type": "aws_iam_policy",
      "name": "leader-to-elasticache-9889",
      "provider": "provider[\"registry.terraform.io/hashicorp/aws\"]",
      "instances": [
        {
          "schema_version": 0,
          "attributes": {
            "arn": "arn:aws:iam::216989119889:policy/op-dev-leader-to-elasticache-9889",
            "attachment_count": 1,
            "description": "Policy access to Elasticache",
            "id": "arn:aws:iam::216989119889:policy/op-dev-leader-to-elasticache-9889",
            "name": "op-dev-leader-to-elasticache-9889",
            "name_prefix": "",
            "path": "/",
            "policy": "{\"Statement\":[{\"Action\":[\"elasticache:DescribeServerlessCaches\",\"elasticache:DescribeCacheClusters\"],\"Effect\":\"Allow\",\"Resource\":\"*\"}],\"Version\":\"2012-10-17\"}",
            "policy_id": "ANPATFBMPGWISKKPJWQI5",
            "tags": {},
            "tags_all": {
              "Nombre": "Terraform"
            }
          },
          "sensitive_attributes": [],
          "identity_schema_version": 0,
          "private": "bnVsbA=="
        }
      ]
    },
    {
      "mode": "managed",
      "type": "aws_iam_policy",
      "name": "leader-to-iam-9889",
      "provider": "provider[\"registry.terraform.io/hashicorp/aws\"]",
      "instances": [
        {
          "schema_version": 0,
          "attributes": {
            "arn": "arn:aws:iam::216989119889:policy/op-dev-leader-to-iam-9889",
            "attachment_count": 1,
            "description": "Policy access to IAM",
            "id": "arn:aws:iam::216989119889:policy/op-dev-leader-to-iam-9889",
            "name": "op-dev-leader-to-iam-9889",
            "name_prefix": "",
            "path": "/",
            "policy": "{\"Statement\":[{\"Action\":[\"iam:GetRole\",\"iam:GetPolicyVersion\",\"iam:ListRoleTags\",\"iam:GetPolicy\",\"iam:ListGroupPolicies\",\"iam:ListPoliciesGrantingServiceAccess\",\"iam:ListEntitiesForPolicy\",\"iam:ListUserPolicies\",\"iam:GetContextKeysForPrincipalPolicy\",\"iam:ListInstanceProfilesForRole\",\"iam:SimulatePrincipalPolicy\",\"iam:ListPolicyVersions\",\"iam:GetUserPolicy\",\"iam:ListGroupsForUser\",\"iam:ListAttachedRolePolicies\",\"iam:ListAttachedUserPolicies\",\"iam:ListAttachedGroupPolicies\",\"iam:GetGroupPolicy\",\"iam:ListPolicyTags\",\"iam:GetUser\",\"iam:ListRolePolicies\",\"iam:GetRolePolicy\",\"iam:ListUserTags\",\"iam:ListPolicies\"],\"Effect\":\"Allow\",\"Resource\":[\"*\"]}],\"Version\":\"2012-10-17\"}",
            "policy_id": "ANPATFBMPGWIYLIKJQHGQ",
            "tags": {},
            "tags_all": {
              "Nombre": "Terraform"
            }
          },
          "sensitive_attributes": [],
          "identity_schema_version": 0,
          "private": "bnVsbA=="
        }
      ]
    },
    {
      "mode": "managed",
      "type": "aws_iam_policy",
      "name": "leader-to-inspector-9889",
      "provider": "provider[\"registry.terraform.io/hashicorp/aws\"]",
      "instances": [
        {
          "schema_version": 0,
          "attributes": {
            "arn": "arn:aws:iam::216989119889:policy/op-dev-leader-to-inspector-9889",
            "attachment_count": 1,
            "description": "Policy access to Inspector",
            "id": "arn:aws:iam::216989119889:policy/op-dev-leader-to-inspector-9889",
            "name": "op-dev-leader-to-inspector-9889",
            "name_prefix": "",
            "path": "/",
            "policy": "{\"Statement\":[{\"Action\":[\"inspector2:BatchGetAccountStatus\"],\"Effect\":\"Allow\",\"Resource\":\"*\"}],\"Version\":\"2012-10-17\"}",
            "policy_id": "ANPATFBMPGWI3IQQEIGD7",
            "tags": {},
            "tags_all": {
              "Nombre": "Terraform"
            }
          },
          "sensitive_attributes": [],
          "identity_schema_version": 0,
          "private": "bnVsbA=="
        }
      ]
    },
    {
      "mode": "managed",
      "type": "aws_iam_policy",
      "name": "leader-to-kms-9889",
      "provider": "provider[\"registry.terraform.io/hashicorp/aws\"]",
      "instances": [
        {
          "schema_version": 0,
          "attributes": {
            "arn": "arn:aws:iam::216989119889:policy/op-dev-leader-to-kms-9889",
            "attachment_count": 1,
            "description": "Policy access to KMS",
            "id": "arn:aws:iam::216989119889:policy/op-dev-leader-to-kms-9889",
            "name": "op-dev-leader-to-kms-9889",
            "name_prefix": "",
            "path": "/",
            "policy": "{\"Statement\":[{\"Action\":[\"kms:Encrypt\",\"kms:Decrypt\"],\"Effect\":\"Allow\",\"Resource\":[\"arn:aws:kms:us-east-1:640038959426:key/2757fe25-73a8-4128-82e3-a11b5f3e1cb9\",\"arn:aws:kms:us-east-1:640038959426:key/506f77c2-7f71-4942-bd78-a12c7572c537\",\"arn:aws:kms:us-east-1:640038959426:key/3da7f05b-164b-4d01-87cc-30782f1a3768\",\"arn:aws:kms:eu-west-1:640038959426:key/fcc8464f-026c-40ca-a5c5-31c533605d28\",\"arn:aws:kms:us-east-1:640038959426:key/6815f48c-d4ea-478b-a270-f5c6415baf2a\",\"arn:aws:kms:us-east-1:640038959426:key/3da7f05b-164b-4d01-87cc-30782f1a3768\"]}],\"Version\":\"2012-10-17\"}",
            "policy_id": "ANPATFBMPGWIRKXWSYFJB",
            "tags": {},
            "tags_all": {
              "Nombre": "Terraform"
            }
          },
          "sensitive_attributes": [],
          "identity_schema_version": 0,
          "private": "bnVsbA=="
        }
      ]
    },
    {
      "mode": "managed",
      "type": "aws_iam_policy",
      "name": "leader-to-lambda-9889",
      "provider": "provider[\"registry.terraform.io/hashicorp/aws\"]",
      "instances": [
        {
          "schema_version": 0,
          "attributes": {
            "arn": "arn:aws:iam::216989119889:policy/op-dev-leader-to-lambda-9889",
            "attachment_count": 1,
            "description": "Policy access to Lambda",
            "id": "arn:aws:iam::216989119889:policy/op-dev-leader-to-lambda-9889",
            "name": "op-dev-leader-to-lambda-9889",
            "name_prefix": "",
            "path": "/",
            "policy": "{\"Statement\":[{\"Action\":[\"lambda:List*\",\"lambda:Get*\",\"lambda:InvokeFunction\",\"lambda:InvokeFunctionUrl\",\"lambda:PutFunctionCodeSigningConfig\",\"lambda:PutFunctionConcurrency\",\"lambda:PutFunctionEventInvokeConfig\",\"lambda:PutFunctionRecursionConfig\",\"lambda:PutProvisionedConcurrencyConfig\",\"lambda:PutRuntimeManagementConfig\",\"lambda:PublishLayerVersion\",\"lambda:PublishVersion\",\"lambda:UpdateAlias\",\"lambda:UpdateCodeSigningConfig\",\"lambda:UpdateEventSourceMapping\",\"lambda:UpdateFunctionUrlConfig\",\"lambda:UpdateFunctionEventInvokeConfig\",\"lambda:UpdateFunctionConfiguration\",\"lambda:UpdateFunctionCodeSigningConfig\",\"lambda:UpdateFunctionCode\",\"lambda:RemoveLayerVersionPermission\",\"lambda:AddLayerVersionPermission\",\"lambda:InvokeAsync\",\"lambda:AddPermission\"],\"Effect\":\"Allow\",\"Resource\":\"*\"}],\"Version\":\"2012-10-17\"}",
            "policy_id": "ANPATFBMPGWIZGW7FVEVR",
            "tags": {},
            "tags_all": {
              "Nombre": "Terraform"
            }
          },
          "sensitive_attributes": [],
          "identity_schema_version": 0,
          "private": "bnVsbA=="
        }
      ]
    },
    {
      "mode": "managed",
      "type": "aws_iam_policy",
      "name": "leader-to-s3-9889",
      "provider": "provider[\"registry.terraform.io/hashicorp/aws\"]",
      "instances": [
        {
          "schema_version": 0,
          "attributes": {
            "arn": "arn:aws:iam::216989119889:policy/op-dev-leader-to-s3-9889",
            "attachment_count": 1,
            "description": "Policy access to S3",
            "id": "arn:aws:iam::216989119889:policy/op-dev-leader-to-s3-9889",
            "name": "op-dev-leader-to-s3-9889",
            "name_prefix": "",
            "path": "/",
            "policy": "{\"Statement\":[{\"Action\":[\"s3:ListAllMyBuckets\"],\"Effect\":\"Allow\",\"Resource\":\"*\"},{\"Action\":[\"s3:List*\",\"s3:Get*\",\"s3:Describe*\",\"s3:PutObject\",\"s3-object-lambda:Get*\",\"s3-object-lambda:List*\"],\"Effect\":\"Allow\",\"Resource\":[\"arn:aws:s3:::op-es-prod-devops\",\"arn:aws:s3:::op-es-prod-devops/*\"]}],\"Version\":\"2012-10-17\"}",
            "policy_id": "ANPATFBMPGWI5UP436OO6",
            "tags": {},
            "tags_all": {
              "Nombre": "Terraform"
            }
          },
          "sensitive_attributes": [],
          "identity_schema_version": 0,
          "private": "bnVsbA=="
        }
      ]
    },
    {
      "mode": "managed",
      "type": "aws_iam_policy",
      "name": "leader-to-secretsmanager-9889",
      "provider": "provider[\"registry.terraform.io/hashicorp/aws\"]",
      "instances": [
        {
          "schema_version": 0,
          "attributes": {
            "arn": "arn:aws:iam::216989119889:policy/op-dev-leader-to-secretsmanager-9889",
            "attachment_count": 1,
            "description": "Policy access to Secrets Manager",
            "id": "arn:aws:iam::216989119889:policy/op-dev-leader-to-secretsmanager-9889",
            "name": "op-dev-leader-to-secretsmanager-9889",
            "name_prefix": "",
            "path": "/",
            "policy": "{\"Statement\":[{\"Action\":[\"secretsmanager:GetSecretValue\",\"secretsmanager:DescribeSecret\",\"secretsmanager:ListSecrets\"],\"Effect\":\"Allow\",\"Resource\":\"*\"}],\"Version\":\"2012-10-17\"}",
            "policy_id": "ANPATFBMPGWI2AHFR5ZO6",
            "tags": {},
            "tags_all": {
              "Nombre": "Terraform"
            }
          },
          "sensitive_attributes": [],
          "identity_schema_version": 0,
          "private": "bnVsbA=="
        }
      ]
    },
    {
      "mode": "managed",
      "type": "aws_iam_policy",
      "name": "leader-to-sqs-9889",
      "provider": "provider[\"registry.terraform.io/hashicorp/aws\"]",
      "instances": [
        {
          "schema_version": 0,
          "attributes": {
            "arn": "arn:aws:iam::216989119889:policy/op-dev-leader-to-sqs-9889",
            "attachment_count": 1,
            "description": "Policy access to SQS",
            "id": "arn:aws:iam::216989119889:policy/op-dev-leader-to-sqs-9889",
            "name": "op-dev-leader-to-sqs-9889",
            "name_prefix": "",
            "path": "/",
            "policy": "{\"Statement\":[{\"Action\":[\"sqs:ListQueues\",\"sqs:GetQueueUrl\",\"sqs:ListDeadLetterSourceQueues\",\"sqs:ListMessageMoveTasks\",\"sqs:PurgeQueue\",\"sqs:ReceiveMessage\",\"sqs:SendMessage\",\"sqs:GetQueueAttributes\",\"sqs:changemessagevisibility\",\"sqs:DeleteMessage\"],\"Effect\":\"Allow\",\"Resource\":\"*\"}],\"Version\":\"2012-10-17\"}",
            "policy_id": "ANPATFBMPGWI6ECUIYWNI",
            "tags": {},
            "tags_all": {
              "Nombre": "Terraform"
            }
          },
          "sensitive_attributes": [],
          "identity_schema_version": 0,
          "private": "bnVsbA=="
        }
      ]
    },
    {
      "mode": "managed",
      "type": "aws_iam_policy",
      "name": "qa-to-apigateway-9889",
      "provider": "provider[\"registry.terraform.io/hashicorp/aws\"]",
      "instances": [
        {
          "schema_version": 0,
          "attributes": {
            "arn": "arn:aws:iam::216989119889:policy/op-dev-qa-to-apigateway-9889",
            "attachment_count": 0,
            "description": "Policy access to API Gateway",
            "id": "arn:aws:iam::216989119889:policy/op-dev-qa-to-apigateway-9889",
            "name": "op-dev-qa-to-apigateway-9889",
            "name_prefix": "",
            "path": "/",
            "policy": "{\"Statement\":[{\"Action\":[\"apigateway:GET\"],\"Effect\":\"Allow\",\"Resource\":\"*\"}],\"Version\":\"2012-10-17\"}",
            "policy_id": "ANPATFBMPGWIXSX36NSNZ",
            "tags": null,
            "tags_all": {
              "Nombre": "Terraform"
            }
          },
          "sensitive_attributes": [],
          "identity_schema_version": 0,
          "private": "bnVsbA=="
        }
      ]
    },
    {
      "mode": "managed",
      "type": "aws_iam_policy",
      "name": "qa-to-dynamo-9889",
      "provider": "provider[\"registry.terraform.io/hashicorp/aws\"]",
      "instances": [
        {
          "schema_version": 0,
          "attributes": {
            "arn": "arn:aws:iam::216989119889:policy/op-dev-qa-to-dynamo-9889",
            "attachment_count": 0,
            "description": "Policy access to dynamo",
            "id": "arn:aws:iam::216989119889:policy/op-dev-qa-to-dynamo-9889",
            "name": "op-dev-qa-to-dynamo-9889",
            "name_prefix": "",
            "path": "/",
            "policy": "{\"Statement\":[{\"Action\":[\"dynamodb:DescribeImport\",\"dynamodb:ListTables\",\"dynamodb:ListBackups\",\"dynamodb:ListImports\",\"dynamodb:GetRecords\",\"dynamodb:ListGlobalTables\",\"dynamodb:DescribeExport\",\"dynamodb:DescribeEndpoints\",\"dynamodb:DescribeGlobalTable\",\"dynamodb:DescribeTable\",\"dynamodb:GetItem\",\"dynamodb:ListStreams\",\"dynamodb:Query\",\"dynamodb:Scan\",\"dynamodb:DescribeBackup\",\"dynamodb:BatchGetItem\",\"dynamodb:PartiQLSelect\"],\"Effect\":\"Allow\",\"Resource\":\"*\"}],\"Version\":\"2012-10-17\"}",
            "policy_id": "ANPATFBMPGWI3XTJBAYML",
            "tags": null,
            "tags_all": {
              "Nombre": "Terraform"
            }
          },
          "sensitive_attributes": [],
          "identity_schema_version": 0,
          "private": "bnVsbA=="
        }
      ]
    },
    {
      "mode": "managed",
      "type": "aws_iam_policy",
      "name": "qa-to-ecr-y-ecs-9889",
      "provider": "provider[\"registry.terraform.io/hashicorp/aws\"]",
      "instances": [
        {
          "schema_version": 0,
          "attributes": {
            "arn": "arn:aws:iam::216989119889:policy/op-dev-qa-to-ecr-y-ecs-9889",
            "attachment_count": 0,
            "description": "Policy access to ECR y ECS",
            "id": "arn:aws:iam::216989119889:policy/op-dev-qa-to-ecr-y-ecs-9889",
            "name": "op-dev-qa-to-ecr-y-ecs-9889",
            "name_prefix": "",
            "path": "/",
            "policy": "{\"Statement\":[{\"Action\":[\"ecr:DescribeImageScanFindings\",\"ecr:DescribeRegistry\",\"ecr:BatchGetImage\",\"ecr:DescribeImages\",\"ecr:DescribeRepositories\",\"ecr:ListImages\",\"ecr:DescribePullThroughCacheRules\",\"ecr:BatchCheckLayerAvailability\",\"ecr:BatchGetRepositoryScanningConfiguration\",\"ecr:DescribeImageReplicationStatus\",\"ecr:DescribeRepositoryCreationTemplate\",\"ecr:ValidatePullThroughCacheRule\",\"ecr:ListTagsForResource\",\"ecr:GetAuthorizationToken\",\"ecr:GetDownloadUrlForLayer\",\"ecr:GetLifecyclePolicy\",\"ecr:GetLifecyclePolicyPreview\",\"ecr:GetRegistryPolicy\",\"ecr:GetRegistryScanningConfiguration\",\"ecr:GetRepositoryPolicy\"],\"Effect\":\"Allow\",\"Resource\":\"*\"},{\"Action\":[\"ecs:ListServices\",\"ecs:ListTasks\",\"ecs:DescribeServices\",\"ecs:DescribeTasks\",\"ecs:DescribeTaskDefinition\",\"ecs:ListTaskDefinitions\",\"ecs:DescribeClusters\",\"ecs:ListClusters\",\"ecs:ListAttributes\",\"ecs:ListContainerInstances\",\"ecs:ListServiceDeployments\",\"ecs:ListServicesByNamespace\",\"ecs:ListTaskDefinitionFamilies\",\"ecs:DescribeCapacityProviders\",\"ecs:DescribeContainerInstances\",\"ecs:DescribeServiceDeployments\",\"ecs:DescribeServiceRevisions\",\"ecs:DescribeTaskSets\",\"ecs:GetTaskProtection\",\"ecs:ListAccountSettings\"],\"Effect\":\"Allow\",\"Resource\":[\"*\"]}],\"Version\":\"2012-10-17\"}",
            "policy_id": "ANPATFBMPGWIWK2VYZ7DG",
            "tags": null,
            "tags_all": {
              "Nombre": "Terraform"
            }
          },
          "sensitive_attributes": [],
          "identity_schema_version": 0,
          "private": "bnVsbA=="
        }
      ]
    },
    {
      "mode": "managed",
      "type": "aws_iam_policy",
      "name": "qa-to-lambda-9889",
      "provider": "provider[\"registry.terraform.io/hashicorp/aws\"]",
      "instances": [
        {
          "schema_version": 0,
          "attributes": {
            "arn": "arn:aws:iam::216989119889:policy/op-dev-qa-to-lambda-9889",
            "attachment_count": 0,
            "description": "Policy access to Lambda",
            "id": "arn:aws:iam::216989119889:policy/op-dev-qa-to-lambda-9889",
            "name": "op-dev-qa-to-lambda-9889",
            "name_prefix": "",
            "path": "/",
            "policy": "{\"Statement\":[{\"Action\":[\"lambda:UpdateFunctionCode\",\"lambda:InvokeFunction\",\"lambda:DeleteEventSourceMapping\",\"lambda:List*\",\"lambda:Get*\"],\"Effect\":\"Allow\",\"Resource\":\"*\"}],\"Version\":\"2012-10-17\"}",
            "policy_id": "ANPATFBMPGWI2HOKQBAHZ",
            "tags": null,
            "tags_all": {
              "Nombre": "Terraform"
            }
          },
          "sensitive_attributes": [],
          "identity_schema_version": 0,
          "private": "bnVsbA=="
        }
      ]
    },
    {
      "mode": "managed",
      "type": "aws_iam_policy",
      "name": "qa-to-s3-9889",
      "provider": "provider[\"registry.terraform.io/hashicorp/aws\"]",
      "instances": [
        {
          "schema_version": 0,
          "attributes": {
            "arn": "arn:aws:iam::216989119889:policy/op-dev-qa-to-s3-9889",
            "attachment_count": 0,
            "description": "Policy access to S3",
            "id": "arn:aws:iam::216989119889:policy/op-dev-qa-to-s3-9889",
            "name": "op-dev-qa-to-s3-9889",
            "name_prefix": "",
            "path": "/",
            "policy": "{\"Statement\":[{\"Action\":[\"s3:ListAllMyBuckets\"],\"Effect\":\"Allow\",\"Resource\":\"*\"},{\"Action\":[\"s3:PutObject\",\"s3:Describe*\",\"s3:Get*\",\"s3:List*\",\"s3:PutBucketNotification\"],\"Effect\":\"Allow\",\"Resource\":[\"arn:aws:s3:::mail-server-resources\",\"arn:aws:s3:::mail-server-resources/*\",\"arn:aws:s3:::op-bancomer-batches\",\"arn:aws:s3:::op-bancomer-batches/*\",\"arn:aws:s3:::op-prosa-pk-test\",\"arn:aws:s3:::op-prosa-pk-test/*\",\"arn:aws:s3:::op-services-file\",\"arn:aws:s3:::op-services-file/*\",\"arn:aws:s3:::openpay-argentina-dev\",\"arn:aws:s3:::openpay-argentina-dev/*\",\"arn:aws:s3:::openpay-argentina-sandbox\",\"arn:aws:s3:::openpay-argentina-sandbox/*\",\"arn:aws:s3:::openpay-arquitectura\",\"arn:aws:s3:::openpay-arquitectura/*\",\"arn:aws:s3:::reporteria-bucket-dev\",\"arn:aws:s3:::reporteria-bucket-dev/*\"]},{\"Action\":[\"s3:DeleteObject\"],\"Effect\":\"Allow\",\"Resource\":[\"arn:aws:s3:::op-services-file/DEVELOP/applications/jk.openpay.company/backstage_techdocs/default/*\"]}],\"Version\":\"2012-10-17\"}",
            "policy_id": "ANPATFBMPGWIQLG72WN45",
            "tags": null,
            "tags_all": {
              "Nombre": "Terraform"
            }
          },
          "sensitive_attributes": [],
          "identity_schema_version": 0,
          "private": "bnVsbA=="
        }
      ]
    },
    {
      "mode": "managed",
      "type": "aws_iam_policy",
      "name": "qa-to-sqs-9889",
      "provider": "provider[\"registry.terraform.io/hashicorp/aws\"]",
      "instances": [
        {
          "schema_version": 0,
          "attributes": {
            "arn": "arn:aws:iam::216989119889:policy/op-dev-qa-to-sqs-9889",
            "attachment_count": 0,
            "description": "Policy access to SQS",
            "id": "arn:aws:iam::216989119889:policy/op-dev-qa-to-sqs-9889",
            "name": "op-dev-qa-to-sqs-9889",
            "name_prefix": "",
            "path": "/",
            "policy": "{\"Statement\":[{\"Action\":[\"sqs:DeleteMessage\",\"sqs:ListQueues\",\"sqs:GetQueueUrl\",\"sqs:ListDeadLetterSourceQueues\",\"sqs:ListMessageMoveTasks\",\"sqs:PurgeQueue\",\"sqs:ReceiveMessage\",\"sqs:SendMessage\",\"sqs:GetQueueAttributes\"],\"Effect\":\"Allow\",\"Resource\":\"*\"}],\"Version\":\"2012-10-17\"}",
            "policy_id": "ANPATFBMPGWIXG6VCFYYC",
            "tags": null,
            "tags_all": {
              "Nombre": "Terraform"
            }
          },
          "sensitive_attributes": [],
          "identity_schema_version": 0,
          "private": "bnVsbA=="
        }
      ]
    },
    {
      "mode": "managed",
      "type": "aws_iam_policy",
      "name": "s3-pruebas-identity-center-baez",
      "provider": "provider[\"registry.terraform.io/hashicorp/aws\"]",
      "instances": [
        {
          "schema_version": 0,
          "attributes": {
            "arn": "arn:aws:iam::216989119889:policy/s3-pruebas-identity-center-baez",
            "attachment_count": 0,
            "description": "Policy access to s3 openpay-argentina-dev",
            "id": "arn:aws:iam::216989119889:policy/s3-pruebas-identity-center-baez",
            "name": "s3-pruebas-identity-center-baez",
            "name_prefix": "",
            "path": "/",
            "policy": "{\"Statement\":[{\"Action\":[\"s3:ListAllMyBuckets\"],\"Effect\":\"Allow\",\"Resource\":\"*\"},{\"Action\":[\"s3:ListBucket\",\"s3:Get*\",\"s3:Describe*\",\"s3:PutObject\"],\"Effect\":\"Allow\",\"Resource\":[\"arn:aws:s3:::pruebas-identity-center-baez/*\"]}],\"Version\":\"2012-10-17\"}",
            "policy_id": "ANPATFBMPGWIQKTQFOOP6",
            "tags": {},
            "tags_all": {
              "Nombre": "Terraform"
            }
          },
          "sensitive_attributes": [],
          "identity_schema_version": 0,
          "private": "bnVsbA=="
        }
      ]
    }
  ],
  "check_results": null
}
